
Microsoft Visual Studio Solution File, Format Version 12.00
# Visual Studio Version 16
VisualStudioVersion = 16.0.31624.102
MinimumVisualStudioVersion = 10.0.40219.1
Project("{FAE04EC0-301F-11D3-BF4B-00C04F79EFBC}") = "Es 004 - DB Auto", "Es 004 - DB Auto\Es 004 - DB Auto.csproj", "{DD88B195-6585-4591-9CFE-048AAF52C0A4}"
EndProject
Global
	GlobalSection(SolutionConfigurationPlatforms) = preSolution
		Debug|Any CPU = Debug|Any CPU
		Release|Any CPU = Release|Any CPU
	EndGlobalSection
	GlobalSection(ProjectConfigurationPlatforms) = postSolution
		{DD88B195-6585-4591-9CFE-048AAF52C0A4}.Debug|Any CPU.ActiveCfg = Debug|Any CPU
		{DD88B195-6585-4591-9CFE-048AAF52C0A4}.Debug|Any CPU.Build.0 = Debug|Any CPU
		{DD88B195-6585-4591-9CFE-048AAF52C0A4}.Release|Any CPU.ActiveCfg = Release|Any CPU
		{DD88B195-6585-4591-9CFE-048AAF52C0A4}.Release|Any CPU.Build.0 = Release|Any CPU
	EndGlobalSection
	GlobalSection(SolutionProperties) = preSolution
		HideSolutionNode = FALSE
	EndGlobalSection
	GlobalSection(ExtensibilityGlobals) = postSolution
		SolutionGuid = {29463E74-73F3-42E3-88A2-7CE4B3D07621}
	EndGlobalSection
EndGlobal
